<?xml version="1.0" encoding="utf-8"?>
<Project ToolsVersion="4.0" xmlns="http://schemas.microsoft.com/developer/msbuild/2003">
  <ItemGroup>
    <Filter Include="소스 파일">
      <UniqueIdentifier>{4FC737F1-C7A5-4376-A066-2A32D752A2FF}</UniqueIdentifier>
      <Extensions>cpp;c;cc;cxx;c++;def;odl;idl;hpj;bat;asm;asmx</Extensions>
    </Filter>
    <Filter Include="헤더 파일">
      <UniqueIdentifier>{93995380-89BD-4b04-88EB-625FBE52EBFB}</UniqueIdentifier>
      <Extensions>h;hh;hpp;hxx;h++;hm;inl;inc;ipp;xsd</Extensions>
    </Filter>
    <Filter Include="리소스 파일">
      <UniqueIdentifier>{67DA6AB6-F800-4c08-8B7A-83BB121AAD01}</UniqueIdentifier>
      <Extensions>rc;ico;cur;bmp;dlg;rc2;rct;bin;rgs;gif;jpg;jpeg;jpe;resx;tiff;tif;png;wav;mfcribbon-ms</Extensions>
    </Filter>
    <Filter Include="MainGame">
      <UniqueIdentifier>{c41c9b98-a31b-4d9e-82a2-bfabc2c89dda}</UniqueIdentifier>
    </Filter>
    <Filter Include="FrameWork">
      <UniqueIdentifier>{125a9a4b-d6cf-4037-9e54-0fb4519c206d}</UniqueIdentifier>
    </Filter>
    <Filter Include="FrameWork\Random">
      <UniqueIdentifier>{219329fd-0bdf-4ce2-b382-6095da14c0ed}</UniqueIdentifier>
    </Filter>
    <Filter Include="FrameWork\Input">
      <UniqueIdentifier>{75cd5072-d518-4bc6-841c-5675d8848ae3}</UniqueIdentifier>
    </Filter>
    <Filter Include="FrameWork\Image">
      <UniqueIdentifier>{4ad6b531-7d7b-4111-be06-f2bad4da87c4}</UniqueIdentifier>
    </Filter>
    <Filter Include="FrameWork\Math">
      <UniqueIdentifier>{fd572bdf-356e-468e-a803-eca354b8868c}</UniqueIdentifier>
    </Filter>
    <Filter Include="FrameWork\ImageManager">
      <UniqueIdentifier>{595cc926-f5ed-4cbd-ae5b-5afef7a3c034}</UniqueIdentifier>
    </Filter>
    <Filter Include="FrameWork\GameObject">
      <UniqueIdentifier>{a19f892f-52cd-4850-9a33-9c2165a1e4d6}</UniqueIdentifier>
    </Filter>
    <Filter Include="FrameWork\Camera">
      <UniqueIdentifier>{d52a9290-4164-4636-89a3-4c2bffdd3c23}</UniqueIdentifier>
    </Filter>
    <Filter Include="FrameWork\SoundManager">
      <UniqueIdentifier>{e2a38dc5-4980-41b4-b73a-d784af0dc78d}</UniqueIdentifier>
    </Filter>
    <Filter Include="FrameWork\Time">
      <UniqueIdentifier>{c320e730-2234-46c8-bdc1-828700d121ea}</UniqueIdentifier>
    </Filter>
    <Filter Include="FrameWork\ObjectManager">
      <UniqueIdentifier>{6215046f-ec51-44bf-97c0-c412b278199e}</UniqueIdentifier>
    </Filter>
    <Filter Include="FrameWork\Scene">
      <UniqueIdentifier>{1c4af559-3b64-424a-b909-e41be6ac5c3f}</UniqueIdentifier>
    </Filter>
    <Filter Include="MainGame\Scene">
      <UniqueIdentifier>{aa9c857f-4c08-41fa-988a-b6dd3143474c}</UniqueIdentifier>
    </Filter>
    <Filter Include="FrameWork\Animation">
      <UniqueIdentifier>{4e941a03-cb9b-4e38-ab9a-e5525b61b9ae}</UniqueIdentifier>
    </Filter>
    <Filter Include="FrameWork\GameEvent">
      <UniqueIdentifier>{d1911068-58c6-4da3-9516-415c40175f80}</UniqueIdentifier>
    </Filter>
    <Filter Include="FrameWork\Button">
      <UniqueIdentifier>{258dcd94-a470-49ed-b5ea-9500f8795d55}</UniqueIdentifier>
    </Filter>
    <Filter Include="FrameWork\Gizmo">
      <UniqueIdentifier>{3e186c17-d77e-401e-90b0-ea35223c9c77}</UniqueIdentifier>
    </Filter>
    <Filter Include="FrameWork\MapTool">
      <UniqueIdentifier>{d243b38e-ad9d-4c21-819a-2fc7854e978c}</UniqueIdentifier>
    </Filter>
    <Filter Include="FrameWork\Command">
      <UniqueIdentifier>{2aac7948-42da-475d-bc28-3148c6be05f1}</UniqueIdentifier>
    </Filter>
    <Filter Include="MainGame\Player">
      <UniqueIdentifier>{11d0613a-1895-418a-bd73-e58fe8c746b1}</UniqueIdentifier>
    </Filter>
    <Filter Include="MainGame\Enemy">
      <UniqueIdentifier>{c66976d8-fcf0-41b9-8aaa-ee0713a93f90}</UniqueIdentifier>
    </Filter>
    <Filter Include="MainGame\Bullet">
      <UniqueIdentifier>{412150ea-7769-4e4b-8d14-73bc94d11d09}</UniqueIdentifier>
    </Filter>
    <Filter Include="MainGame\Player\Skuls">
      <UniqueIdentifier>{fb2fdf9e-bc2b-49f5-890b-3da76e459800}</UniqueIdentifier>
    </Filter>
    <Filter Include="MainGame\Player\SkulManager">
      <UniqueIdentifier>{f9621100-4df5-4a29-acfe-c2c743f56560}</UniqueIdentifier>
    </Filter>
    <Filter Include="MainGame\Player\Skuls\NormalS">
      <UniqueIdentifier>{55d4073f-f91d-47b7-9236-8e715f92cd8b}</UniqueIdentifier>
    </Filter>
    <Filter Include="MainGame\Player\Skuls\RareS">
      <UniqueIdentifier>{3dadd5f1-6dd6-4ebe-bc41-8ebc7b8a845c}</UniqueIdentifier>
    </Filter>
    <Filter Include="MainGame\Player\Skuls\UniqueS">
      <UniqueIdentifier>{8ae86afb-ad63-4086-9fa8-39f22a97396b}</UniqueIdentifier>
    </Filter>
    <Filter Include="MainGame\Player\Skuls\LegendaryS">
      <UniqueIdentifier>{3face1f9-c12f-4dbc-806c-1451abf9d5a5}</UniqueIdentifier>
    </Filter>
    <Filter Include="MainGame\Enemy\Stage1">
      <UniqueIdentifier>{a19767d8-2af7-4fb1-aab6-d17d739e6654}</UniqueIdentifier>
    </Filter>
    <Filter Include="FrameWork\Command\Figure">
      <UniqueIdentifier>{c81da49d-f8e8-47d3-831a-e79e4d881ce0}</UniqueIdentifier>
    </Filter>
  </ItemGroup>
  <ItemGroup>
    <ClInclude Include="framework.h">
      <Filter>헤더 파일</Filter>
    </ClInclude>
    <ClInclude Include="targetver.h">
      <Filter>헤더 파일</Filter>
    </ClInclude>
    <ClInclude Include="Resource.h">
      <Filter>헤더 파일</Filter>
    </ClInclude>
    <ClInclude Include="01_WinMain.h">
      <Filter>헤더 파일</Filter>
    </ClInclude>
    <ClInclude Include="pch.h">
      <Filter>헤더 파일</Filter>
    </ClInclude>
    <ClInclude Include="MainGame.h">
      <Filter>MainGame</Filter>
    </ClInclude>
    <ClInclude Include="Random.h">
      <Filter>FrameWork\Random</Filter>
    </ClInclude>
    <ClInclude Include="Input.h">
      <Filter>FrameWork\Input</Filter>
    </ClInclude>
    <ClInclude Include="Image.h">
      <Filter>FrameWork\Image</Filter>
    </ClInclude>
    <ClInclude Include="Figure.h">
      <Filter>FrameWork\Command\Figure</Filter>
    </ClInclude>
    <ClInclude Include="Math.h">
      <Filter>FrameWork\Math</Filter>
    </ClInclude>
    <ClInclude Include="DefineHeader.h">
      <Filter>헤더 파일</Filter>
    </ClInclude>
    <ClInclude Include="ImageManager.h">
      <Filter>FrameWork\ImageManager</Filter>
    </ClInclude>
    <ClInclude Include="GameObject.h">
      <Filter>FrameWork\GameObject</Filter>
    </ClInclude>
    <ClInclude Include="Camera.h">
      <Filter>FrameWork\Camera</Filter>
    </ClInclude>
    <ClInclude Include="CameraManager.h">
      <Filter>FrameWork\Camera</Filter>
    </ClInclude>
    <ClInclude Include="Time.h">
      <Filter>FrameWork\Time</Filter>
    </ClInclude>
    <ClInclude Include="SoundPlayer.h">
      <Filter>FrameWork\SoundManager</Filter>
    </ClInclude>
    <ClInclude Include="ObjectManager.h">
      <Filter>FrameWork\ObjectManager</Filter>
    </ClInclude>
    <ClInclude Include="Scene.h">
      <Filter>FrameWork\Scene</Filter>
    </ClInclude>
    <ClInclude Include="SceneManager.h">
      <Filter>FrameWork\Scene</Filter>
    </ClInclude>
    <ClInclude Include="LoadingScene.h">
      <Filter>FrameWork\Scene</Filter>
    </ClInclude>
    <ClInclude Include="Animation.h">
      <Filter>FrameWork\Animation</Filter>
    </ClInclude>
    <ClInclude Include="GameEvent.h">
      <Filter>FrameWork\GameEvent</Filter>
    </ClInclude>
    <ClInclude Include="GameEventManager.h">
      <Filter>FrameWork\GameEvent</Filter>
    </ClInclude>
    <ClInclude Include="Button.h">
      <Filter>FrameWork\Button</Filter>
    </ClInclude>
    <ClInclude Include="Gizmo.h">
      <Filter>FrameWork\Gizmo</Filter>
    </ClInclude>
    <ClInclude Include="Tile.h">
      <Filter>FrameWork\MapTool</Filter>
    </ClInclude>
    <ClInclude Include="Command.h">
      <Filter>FrameWork\Command</Filter>
    </ClInclude>
    <ClInclude Include="Pallete.h">
      <Filter>FrameWork\MapTool</Filter>
    </ClInclude>
    <ClInclude Include="GameScene.h">
      <Filter>MainGame\Scene</Filter>
    </ClInclude>
    <ClInclude Include="Dumb.h">
      <Filter>MainGame\Enemy</Filter>
    </ClInclude>
    <ClInclude Include="Bullet.h">
      <Filter>MainGame\Bullet</Filter>
    </ClInclude>
    <ClInclude Include="IntersectManager.h">
      <Filter>헤더 파일</Filter>
    </ClInclude>
    <ClInclude Include="MapObject.h">
      <Filter>헤더 파일</Filter>
    </ClInclude>
    <ClInclude Include="MapObjectPallete.h">
      <Filter>헤더 파일</Filter>
    </ClInclude>
    <ClInclude Include="PathFinder.h">
      <Filter>헤더 파일</Filter>
    </ClInclude>
    <ClInclude Include="TileSelect.h">
      <Filter>헤더 파일</Filter>
    </ClInclude>
    <ClInclude Include="TileList.h">
      <Filter>헤더 파일</Filter>
    </ClInclude>
    <ClInclude Include="SkulManager.h">
      <Filter>MainGame\Player\SkulManager</Filter>
    </ClInclude>
    <ClInclude Include="Sword.h">
      <Filter>MainGame\Player\Skuls\NormalS</Filter>
    </ClInclude>
    <ClInclude Include="Werewolf.h">
      <Filter>MainGame\Player\Skuls\NormalS</Filter>
    </ClInclude>
    <ClInclude Include="Player.h">
      <Filter>MainGame\Player</Filter>
    </ClInclude>
    <ClInclude Include="PettyThief.h">
      <Filter>MainGame\Player\Skuls\NormalS</Filter>
    </ClInclude>
    <ClInclude Include="Skuls.h">
      <Filter>MainGame\Player\Skuls</Filter>
    </ClInclude>
    <ClInclude Include="Ent.h">
      <Filter>MainGame\Player\Skuls\NormalS</Filter>
    </ClInclude>
    <ClInclude Include="LittleBone.h">
      <Filter>MainGame\Player\Skuls\NormalS</Filter>
    </ClInclude>
    <ClInclude Include="Warrior.h">
      <Filter>MainGame\Player\Skuls\RareS</Filter>
    </ClInclude>
    <ClInclude Include="Mino.h">
      <Filter>MainGame\Player\Skuls\RareS</Filter>
    </ClInclude>
    <ClInclude Include="Hunter.h">
      <Filter>MainGame\Player\Skuls\RareS</Filter>
    </ClInclude>
    <ClInclude Include="Alchemist.h">
      <Filter>MainGame\Player\Skuls\RareS</Filter>
    </ClInclude>
    <ClInclude Include="Clown.h">
      <Filter>MainGame\Player\Skuls\RareS</Filter>
    </ClInclude>
    <ClInclude Include="Enemy.h">
      <Filter>MainGame\Enemy</Filter>
    </ClInclude>
    <ClInclude Include="Berserker.h">
      <Filter>MainGame\Player\Skuls\UniqueS</Filter>
    </ClInclude>
    <ClInclude Include="Stage1_SwordMan.h">
      <Filter>MainGame\Enemy\Stage1</Filter>
    </ClInclude>
    <ClInclude Include="Effect.h">
      <Filter>헤더 파일</Filter>
    </ClInclude>
    <ClInclude Include="LoopEffect.h">
      <Filter>헤더 파일</Filter>
    </ClInclude>
    <ClInclude Include="HighWarlock.h">
      <Filter>MainGame\Player\Skuls\UniqueS</Filter>
    </ClInclude>
    <ClInclude Include="WarlockOrb.h">
      <Filter>MainGame\Bullet</Filter>
    </ClInclude>
    <ClInclude Include="Ninja.h">
      <Filter>MainGame\Player\Skuls\UniqueS</Filter>
    </ClInclude>
    <ClInclude Include="Hwadun.h">
      <Filter>MainGame\Bullet</Filter>
    </ClInclude>
    <ClInclude Include="Shuriken.h">
      <Filter>MainGame\Bullet</Filter>
    </ClInclude>
    <ClInclude Include="GrimReaper.h">
      <Filter>MainGame\Player\Skuls\LegendaryS</Filter>
    </ClInclude>
    <ClInclude Include="Yaksha.h">
      <Filter>MainGame\Player\Skuls\LegendaryS</Filter>
    </ClInclude>
    <ClInclude Include="ClownBox.h">
      <Filter>MainGame\Bullet</Filter>
    </ClInclude>
    <ClInclude Include="ClownDagger.h">
      <Filter>MainGame\Bullet</Filter>
    </ClInclude>
  </ItemGroup>
  <ItemGroup>
    <ClCompile Include="01_WinMain.cpp">
      <Filter>소스 파일</Filter>
    </ClCompile>
    <ClCompile Include="MainGame.cpp">
      <Filter>MainGame</Filter>
    </ClCompile>
    <ClCompile Include="MainGame + MainProc.cpp">
      <Filter>MainGame</Filter>
    </ClCompile>
    <ClCompile Include="Random.cpp">
      <Filter>FrameWork\Random</Filter>
    </ClCompile>
    <ClCompile Include="Input.cpp">
      <Filter>FrameWork\Input</Filter>
    </ClCompile>
    <ClCompile Include="Image.cpp">
      <Filter>FrameWork\Image</Filter>
    </ClCompile>
    <ClCompile Include="Math.cpp">
      <Filter>FrameWork\Math</Filter>
    </ClCompile>
    <ClCompile Include="ImageManager.cpp">
      <Filter>FrameWork\ImageManager</Filter>
    </ClCompile>
    <ClCompile Include="GameObject.cpp">
      <Filter>FrameWork\GameObject</Filter>
    </ClCompile>
    <ClCompile Include="Camera.cpp">
      <Filter>FrameWork\Camera</Filter>
    </ClCompile>
    <ClCompile Include="CameraManager.cpp">
      <Filter>FrameWork\Camera</Filter>
    </ClCompile>
    <ClCompile Include="Time.cpp">
      <Filter>FrameWork\Time</Filter>
    </ClCompile>
    <ClCompile Include="SoundPlayer.cpp">
      <Filter>FrameWork\SoundManager</Filter>
    </ClCompile>
    <ClCompile Include="ObjectManager.cpp">
      <Filter>FrameWork\ObjectManager</Filter>
    </ClCompile>
    <ClCompile Include="Scene.cpp">
      <Filter>FrameWork\Scene</Filter>
    </ClCompile>
    <ClCompile Include="pch.cpp">
      <Filter>소스 파일</Filter>
    </ClCompile>
    <ClCompile Include="SceneManager.cpp">
      <Filter>FrameWork\Scene</Filter>
    </ClCompile>
    <ClCompile Include="LoadingScene.cpp">
      <Filter>FrameWork\Scene</Filter>
    </ClCompile>
    <ClCompile Include="Animation.cpp">
      <Filter>FrameWork\Animation</Filter>
    </ClCompile>
    <ClCompile Include="GameEvent.cpp">
      <Filter>FrameWork\GameEvent</Filter>
    </ClCompile>
    <ClCompile Include="GameEventManager.cpp">
      <Filter>FrameWork\GameEvent</Filter>
    </ClCompile>
    <ClCompile Include="Button.cpp">
      <Filter>FrameWork\Button</Filter>
    </ClCompile>
    <ClCompile Include="Gizmo.cpp">
      <Filter>FrameWork\Gizmo</Filter>
    </ClCompile>
    <ClCompile Include="Tile.cpp">
      <Filter>FrameWork\MapTool</Filter>
    </ClCompile>
    <ClCompile Include="Pallete.cpp">
      <Filter>FrameWork\MapTool</Filter>
    </ClCompile>
    <ClCompile Include="Command.cpp">
      <Filter>FrameWork\Command</Filter>
    </ClCompile>
    <ClCompile Include="GameScene.cpp">
      <Filter>MainGame\Scene</Filter>
    </ClCompile>
    <ClCompile Include="Player.cpp">
      <Filter>MainGame\Player</Filter>
    </ClCompile>
    <ClCompile Include="Dumb.cpp">
      <Filter>MainGame\Enemy</Filter>
    </ClCompile>
    <ClCompile Include="Bullet.cpp">
      <Filter>MainGame\Bullet</Filter>
    </ClCompile>
    <ClCompile Include="IntersectManager.cpp">
      <Filter>소스 파일</Filter>
    </ClCompile>
    <ClCompile Include="MapObject.cpp">
      <Filter>소스 파일</Filter>
    </ClCompile>
    <ClCompile Include="MapObjectPallete.cpp">
      <Filter>소스 파일</Filter>
    </ClCompile>
    <ClCompile Include="PathFinder.cpp">
      <Filter>소스 파일</Filter>
    </ClCompile>
    <ClCompile Include="TileSelect.cpp">
      <Filter>소스 파일</Filter>
    </ClCompile>
    <ClCompile Include="TileList.cpp">
      <Filter>소스 파일</Filter>
    </ClCompile>
    <ClCompile Include="SkulManager.cpp">
      <Filter>MainGame\Player\SkulManager</Filter>
    </ClCompile>
    <ClCompile Include="Sword.cpp">
      <Filter>MainGame\Player\Skuls\NormalS</Filter>
    </ClCompile>
    <ClCompile Include="Werewolf.cpp">
      <Filter>MainGame\Player\Skuls\NormalS</Filter>
    </ClCompile>
    <ClCompile Include="PettyThief.cpp">
      <Filter>MainGame\Player\Skuls\NormalS</Filter>
    </ClCompile>
    <ClCompile Include="Ent.cpp">
      <Filter>MainGame\Player\Skuls\NormalS</Filter>
    </ClCompile>
    <ClCompile Include="LittleBone.cpp">
      <Filter>MainGame\Player\Skuls\NormalS</Filter>
    </ClCompile>
    <ClCompile Include="Warrior.cpp">
      <Filter>MainGame\Player\Skuls\RareS</Filter>
    </ClCompile>
    <ClCompile Include="Mino.cpp">
      <Filter>MainGame\Player\Skuls\RareS</Filter>
    </ClCompile>
    <ClCompile Include="Hunter.cpp">
      <Filter>MainGame\Player\Skuls\RareS</Filter>
    </ClCompile>
    <ClCompile Include="Alchemist.cpp">
      <Filter>MainGame\Player\Skuls\RareS</Filter>
    </ClCompile>
    <ClCompile Include="Clown.cpp">
      <Filter>MainGame\Player\Skuls\RareS</Filter>
    </ClCompile>
    <ClCompile Include="Enemy.cpp">
      <Filter>MainGame\Enemy</Filter>
    </ClCompile>
    <ClCompile Include="Berserker.cpp">
      <Filter>MainGame\Player\Skuls\UniqueS</Filter>
    </ClCompile>
    <ClCompile Include="Stage1_SwordMan.cpp">
      <Filter>MainGame\Enemy\Stage1</Filter>
    </ClCompile>
    <ClCompile Include="Effect.cpp">
      <Filter>소스 파일</Filter>
    </ClCompile>
    <ClCompile Include="LoopEffect.cpp">
      <Filter>소스 파일</Filter>
    </ClCompile>
    <ClCompile Include="HighWarlock.cpp">
      <Filter>MainGame\Player\Skuls\UniqueS</Filter>
    </ClCompile>
    <ClCompile Include="WarlockOrb.cpp">
      <Filter>MainGame\Bullet</Filter>
    </ClCompile>
    <ClCompile Include="Ninja.cpp">
      <Filter>MainGame\Player\Skuls\UniqueS</Filter>
    </ClCompile>
    <ClCompile Include="Hwadun.cpp">
      <Filter>MainGame\Bullet</Filter>
    </ClCompile>
    <ClCompile Include="Shuriken.cpp">
      <Filter>MainGame\Bullet</Filter>
    </ClCompile>
    <ClCompile Include="GrimReaper.cpp">
      <Filter>MainGame\Player\Skuls\LegendaryS</Filter>
    </ClCompile>
    <ClCompile Include="Yaksha.cpp">
      <Filter>MainGame\Player\Skuls\LegendaryS</Filter>
    </ClCompile>
    <ClCompile Include="ClownBox.cpp">
      <Filter>MainGame\Bullet</Filter>
    </ClCompile>
    <ClCompile Include="ClownDagger.cpp">
      <Filter>MainGame\Bullet</Filter>
    </ClCompile>
  </ItemGroup>
  <ItemGroup>
    <ResourceCompile Include="01_WinMain.rc">
      <Filter>리소스 파일</Filter>
    </ResourceCompile>
  </ItemGroup>
  <ItemGroup>
    <Image Include="small.ico">
      <Filter>리소스 파일</Filter>
    </Image>
    <Image Include="01_WinMain.ico">
      <Filter>리소스 파일</Filter>
    </Image>
  </ItemGroup>
</Project>